PODS:
  - CalculateCalendarLogic (0.3.0)
  - FSCalendar (2.8.1)

DEPENDENCIES:
  - CalculateCalendarLogic
  - FSCalendar

SPEC REPOS:
  trunk:
    - CalculateCalendarLogic
    - FSCalendar

SPEC CHECKSUMS:
  CalculateCalendarLogic: cd5b2c706a8628bb924c5ee9d05c4f61bdbaf390
  FSCalendar: 5245140456fcbcac5824c203b98bd8068bdfee1a

PODFILE CHECKSUM: f4d9480e6a90a2037e5bdf1c2d90bf89bba3dfc8

COCOAPODS: 1.8.4
