// !$*UTF8*$!
{
	archiveVersion = 1;
	classes = {
	};
	objectVersion = 51;
	objects = {

/* Begin PBXBuildFile section */
		26165D9823EF557D00D888C0 /* Main.storyboard in Resources */ = {isa = PBXBuildFile; fileRef = 26165D9723EF557D00D888C0 /* Main.storyboard */; };
		262AAC9B23CE0336001AB3DE /* AppDelegate.swift in Sources */ = {isa = PBXBuildFile; fileRef = 262AAC9A23CE0336001AB3DE /* AppDelegate.swift */; };
		262AAC9D23CE0336001AB3DE /* SceneDelegate.swift in Sources */ = {isa = PBXBuildFile; fileRef = 262AAC9C23CE0336001AB3DE /* SceneDelegate.swift */; };
		262AAC9F23CE0336001AB3DE /* ViewController.swift in Sources */ = {isa = PBXBuildFile; fileRef = 262AAC9E23CE0336001AB3DE /* ViewController.swift */; };
		262AACA423CE0337001AB3DE /* Assets.xcassets in Resources */ = {isa = PBXBuildFile; fileRef = 262AACA323CE0337001AB3DE /* Assets.xcassets */; };
		262AACA723CE0337001AB3DE /* LaunchScreen.storyboard in Resources */ = {isa = PBXBuildFile; fileRef = 262AACA523CE0337001AB3DE /* LaunchScreen.storyboard */; };
		2631539723EAA4650074A151 /* TextViewController.swift in Sources */ = {isa = PBXBuildFile; fileRef = 2631539623EAA4650074A151 /* TextViewController.swift */; };
		2637D29F23F3D7C4005B05CB /* (null) in Embed Frameworks */ = {isa = PBXBuildFile; settings = {ATTRIBUTES = (CodeSignOnCopy, RemoveHeadersOnCopy, ); }; };
		263D56D9247E3EB800E05B71 /* ScheduleVC.swift in Sources */ = {isa = PBXBuildFile; fileRef = 263D56D8247E3EB800E05B71 /* ScheduleVC.swift */; };
		2654C47D23CF0AA20017672A /* ImageViewController.swift in Sources */ = {isa = PBXBuildFile; fileRef = 2654C47C23CF0AA20017672A /* ImageViewController.swift */; };
		267E6DC023D22510003963BB /* EventModel.swift in Sources */ = {isa = PBXBuildFile; fileRef = 267E6DBF23D22510003963BB /* EventModel.swift */; };
		26D3DEA92406914A004D0886 /* ImageViewHeaderCell.swift in Sources */ = {isa = PBXBuildFile; fileRef = 26D3DEA82406914A004D0886 /* ImageViewHeaderCell.swift */; };
		D5F900091059F9F97FE21CF6 /* Pods_iconcalendar.framework in Frameworks */ = {isa = PBXBuildFile; fileRef = 25A0D077DCE8153D08819560 /* Pods_iconcalendar.framework */; };
/* End PBXBuildFile section */

/* Begin PBXCopyFilesBuildPhase section */
		2637D2A423F3D7C4005B05CB /* Embed Frameworks */ = {
			isa = PBXCopyFilesBuildPhase;
			buildActionMask = 2147483647;
			dstPath = "";
			dstSubfolderSpec = 10;
			files = (
				2637D29F23F3D7C4005B05CB /* (null) in Embed Frameworks */,
			);
			name = "Embed Frameworks";
			runOnlyForDeploymentPostprocessing = 0;
		};
/* End PBXCopyFilesBuildPhase section */

/* Begin PBXFileReference section */
		25A0D077DCE8153D08819560 /* Pods_iconcalendar.framework */ = {isa = PBXFileReference; explicitFileType = wrapper.framework; includeInIndex = 0; path = Pods_iconcalendar.framework; sourceTree = BUILT_PRODUCTS_DIR; };
		26165D9723EF557D00D888C0 /* Main.storyboard */ = {isa = PBXFileReference; fileEncoding = 4; lastKnownFileType = file.storyboard; path = Main.storyboard; sourceTree = "<group>"; };
		262700FB23F3DD4E0033D91D /* CalculateCalendarLogic.framework */ = {isa = PBXFileReference; explicitFileType = wrapper.framework; path = CalculateCalendarLogic.framework; sourceTree = BUILT_PRODUCTS_DIR; };
		262700FC23F3DD4E0033D91D /* FSCalendar.framework */ = {isa = PBXFileReference; explicitFileType = wrapper.framework; path = FSCalendar.framework; sourceTree = BUILT_PRODUCTS_DIR; };
		262700FD23F3DD4E0033D91D /* Realm.framework */ = {isa = PBXFileReference; explicitFileType = wrapper.framework; path = Realm.framework; sourceTree = BUILT_PRODUCTS_DIR; };
		262700FE23F3DD4E0033D91D /* RealmSwift.framework */ = {isa = PBXFileReference; explicitFileType = wrapper.framework; path = RealmSwift.framework; sourceTree = BUILT_PRODUCTS_DIR; };
		262AAC9723CE0336001AB3DE /* iconcalendar.app */ = {isa = PBXFileReference; explicitFileType = wrapper.application; includeInIndex = 0; path = iconcalendar.app; sourceTree = BUILT_PRODUCTS_DIR; };
		262AAC9A23CE0336001AB3DE /* AppDelegate.swift */ = {isa = PBXFileReference; lastKnownFileType = sourcecode.swift; path = AppDelegate.swift; sourceTree = "<group>"; };
		262AAC9C23CE0336001AB3DE /* SceneDelegate.swift */ = {isa = PBXFileReference; lastKnownFileType = sourcecode.swift; path = SceneDelegate.swift; sourceTree = "<group>"; };
		262AAC9E23CE0336001AB3DE /* ViewController.swift */ = {isa = PBXFileReference; lastKnownFileType = sourcecode.swift; path = ViewController.swift; sourceTree = "<group>"; };
		262AACA323CE0337001AB3DE /* Assets.xcassets */ = {isa = PBXFileReference; lastKnownFileType = folder.assetcatalog; path = Assets.xcassets; sourceTree = "<group>"; };
		262AACA623CE0337001AB3DE /* Base */ = {isa = PBXFileReference; lastKnownFileType = file.storyboard; name = Base; path = Base.lproj/LaunchScreen.storyboard; sourceTree = "<group>"; };
		262AACA823CE0337001AB3DE /* Info.plist */ = {isa = PBXFileReference; lastKnownFileType = text.plist.xml; path = Info.plist; sourceTree = "<group>"; };
		2631539623EAA4650074A151 /* TextViewController.swift */ = {isa = PBXFileReference; lastKnownFileType = sourcecode.swift; path = TextViewController.swift; sourceTree = "<group>"; };
		2637D29623F3D7C4005B05CB /* CalculateCalendarLogic.framework */ = {isa = PBXFileReference; explicitFileType = wrapper.framework; path = CalculateCalendarLogic.framework; sourceTree = BUILT_PRODUCTS_DIR; };
		2637D29723F3D7C4005B05CB /* FSCalendar.framework */ = {isa = PBXFileReference; explicitFileType = wrapper.framework; path = FSCalendar.framework; sourceTree = BUILT_PRODUCTS_DIR; };
		2637D29823F3D7C4005B05CB /* Realm.framework */ = {isa = PBXFileReference; explicitFileType = wrapper.framework; path = Realm.framework; sourceTree = BUILT_PRODUCTS_DIR; };
		2637D29923F3D7C4005B05CB /* RealmSwift.framework */ = {isa = PBXFileReference; explicitFileType = wrapper.framework; path = RealmSwift.framework; sourceTree = BUILT_PRODUCTS_DIR; };
		263D56D8247E3EB800E05B71 /* ScheduleVC.swift */ = {isa = PBXFileReference; lastKnownFileType = sourcecode.swift; path = "\U0016ScheduleVC.swift"; sourceTree = "<group>"; };
		2654C47C23CF0AA20017672A /* ImageViewController.swift */ = {isa = PBXFileReference; lastKnownFileType = sourcecode.swift; path = ImageViewController.swift; sourceTree = "<group>"; };
		267E6DBF23D22510003963BB /* EventModel.swift */ = {isa = PBXFileReference; lastKnownFileType = sourcecode.swift; path = EventModel.swift; sourceTree = "<group>"; };
		26D3DEA82406914A004D0886 /* ImageViewHeaderCell.swift */ = {isa = PBXFileReference; lastKnownFileType = sourcecode.swift; path = ImageViewHeaderCell.swift; sourceTree = "<group>"; };
		26D8C21123F3E484008A1B1B /* Realm.framework */ = {isa = PBXFileReference; explicitFileType = wrapper.framework; path = Realm.framework; sourceTree = BUILT_PRODUCTS_DIR; };
		26D8C21423F3E4B6008A1B1B /* CalculateCalendarLogic.framework */ = {isa = PBXFileReference; explicitFileType = wrapper.framework; path = CalculateCalendarLogic.framework; sourceTree = BUILT_PRODUCTS_DIR; };
		26D8C21623F3E4B6008A1B1B /* FSCalendar.framework */ = {isa = PBXFileReference; explicitFileType = wrapper.framework; path = FSCalendar.framework; sourceTree = BUILT_PRODUCTS_DIR; };
		26D8C21823F3E4B6008A1B1B /* Realm.framework */ = {isa = PBXFileReference; explicitFileType = wrapper.framework; path = Realm.framework; sourceTree = BUILT_PRODUCTS_DIR; };
		26D8C21A23F3E4B6008A1B1B /* RealmSwift.framework */ = {isa = PBXFileReference; explicitFileType = wrapper.framework; path = RealmSwift.framework; sourceTree = BUILT_PRODUCTS_DIR; };
		26D8C21D23F3E4D5008A1B1B /* CalculateCalendarLogic.framework */ = {isa = PBXFileReference; explicitFileType = wrapper.framework; path = CalculateCalendarLogic.framework; sourceTree = BUILT_PRODUCTS_DIR; };
		26D8C21F23F3E4D5008A1B1B /* FSCalendar.framework */ = {isa = PBXFileReference; explicitFileType = wrapper.framework; path = FSCalendar.framework; sourceTree = BUILT_PRODUCTS_DIR; };
		26D8C22123F3E4D5008A1B1B /* Realm.framework */ = {isa = PBXFileReference; explicitFileType = wrapper.framework; path = Realm.framework; sourceTree = BUILT_PRODUCTS_DIR; };
		26D8C22323F3E4D5008A1B1B /* RealmSwift.framework */ = {isa = PBXFileReference; explicitFileType = wrapper.framework; path = RealmSwift.framework; sourceTree = BUILT_PRODUCTS_DIR; };
		26D8C22523F3E515008A1B1B /* CalculateCalendarLogic.framework */ = {isa = PBXFileReference; explicitFileType = wrapper.framework; path = CalculateCalendarLogic.framework; sourceTree = BUILT_PRODUCTS_DIR; };
		26D8C22623F3E515008A1B1B /* FSCalendar.framework */ = {isa = PBXFileReference; explicitFileType = wrapper.framework; path = FSCalendar.framework; sourceTree = BUILT_PRODUCTS_DIR; };
		26D8C22723F3E515008A1B1B /* Realm.framework */ = {isa = PBXFileReference; explicitFileType = wrapper.framework; path = Realm.framework; sourceTree = BUILT_PRODUCTS_DIR; };
		26D8C22823F3E515008A1B1B /* RealmSwift.framework */ = {isa = PBXFileReference; explicitFileType = wrapper.framework; path = RealmSwift.framework; sourceTree = BUILT_PRODUCTS_DIR; };
		B1C60593B326E408D3B1E534 /* Pods-iconcalendar.debug.xcconfig */ = {isa = PBXFileReference; includeInIndex = 1; lastKnownFileType = text.xcconfig; name = "Pods-iconcalendar.debug.xcconfig"; path = "Target Support Files/Pods-iconcalendar/Pods-iconcalendar.debug.xcconfig"; sourceTree = "<group>"; };
		CE7C2DFD8E4287725F4588FB /* Pods-iconcalendar.release.xcconfig */ = {isa = PBXFileReference; includeInIndex = 1; lastKnownFileType = text.xcconfig; name = "Pods-iconcalendar.release.xcconfig"; path = "Target Support Files/Pods-iconcalendar/Pods-iconcalendar.release.xcconfig"; sourceTree = "<group>"; };
/* End PBXFileReference section */

/* Begin PBXFrameworksBuildPhase section */
		262AAC9423CE0336001AB3DE /* Frameworks */ = {
			isa = PBXFrameworksBuildPhase;
			buildActionMask = 2147483647;
			files = (
				D5F900091059F9F97FE21CF6 /* Pods_iconcalendar.framework in Frameworks */,
			);
			runOnlyForDeploymentPostprocessing = 0;
		};
/* End PBXFrameworksBuildPhase section */

/* Begin PBXGroup section */
		0CA1070C441F5FC1A38F8393 /* Pods */ = {
			isa = PBXGroup;
			children = (
				B1C60593B326E408D3B1E534 /* Pods-iconcalendar.debug.xcconfig */,
				CE7C2DFD8E4287725F4588FB /* Pods-iconcalendar.release.xcconfig */,
			);
			path = Pods;
			sourceTree = "<group>";
		};
		262AAC8E23CE0336001AB3DE = {
			isa = PBXGroup;
			children = (
				262AAC9923CE0336001AB3DE /* IconCalendar */,
				262AAC9823CE0336001AB3DE /* Products */,
				0CA1070C441F5FC1A38F8393 /* Pods */,
				63B8DF6440AE84D796A3D06C /* Frameworks */,
			);
			sourceTree = "<group>";
		};
		262AAC9823CE0336001AB3DE /* Products */ = {
			isa = PBXGroup;
			children = (
				262AAC9723CE0336001AB3DE /* iconcalendar.app */,
			);
			name = Products;
			sourceTree = "<group>";
		};
		262AAC9923CE0336001AB3DE /* IconCalendar */ = {
			isa = PBXGroup;
			children = (
				262AAC9A23CE0336001AB3DE /* AppDelegate.swift */,
				262AAC9C23CE0336001AB3DE /* SceneDelegate.swift */,
				262AAC9E23CE0336001AB3DE /* ViewController.swift */,
				2654C47C23CF0AA20017672A /* ImageViewController.swift */,
				2631539623EAA4650074A151 /* TextViewController.swift */,
				262AACA323CE0337001AB3DE /* Assets.xcassets */,
				26165D9723EF557D00D888C0 /* Main.storyboard */,
				262AACA523CE0337001AB3DE /* LaunchScreen.storyboard */,
				262AACA823CE0337001AB3DE /* Info.plist */,
				267E6DBF23D22510003963BB /* EventModel.swift */,
				26D3DEA82406914A004D0886 /* ImageViewHeaderCell.swift */,
				263D56D8247E3EB800E05B71 /* ScheduleVC.swift */,
			);
			path = IconCalendar;
			sourceTree = "<group>";
		};
		63B8DF6440AE84D796A3D06C /* Frameworks */ = {
			isa = PBXGroup;
			children = (
				26D8C22523F3E515008A1B1B /* CalculateCalendarLogic.framework */,
				26D8C22623F3E515008A1B1B /* FSCalendar.framework */,
				26D8C22723F3E515008A1B1B /* Realm.framework */,
				26D8C22823F3E515008A1B1B /* RealmSwift.framework */,
				26D8C21D23F3E4D5008A1B1B /* CalculateCalendarLogic.framework */,
				26D8C21F23F3E4D5008A1B1B /* FSCalendar.framework */,
				26D8C22123F3E4D5008A1B1B /* Realm.framework */,
				26D8C22323F3E4D5008A1B1B /* RealmSwift.framework */,
				26D8C21423F3E4B6008A1B1B /* CalculateCalendarLogic.framework */,
				26D8C21623F3E4B6008A1B1B /* FSCalendar.framework */,
				26D8C21823F3E4B6008A1B1B /* Realm.framework */,
				26D8C21A23F3E4B6008A1B1B /* RealmSwift.framework */,
				26D8C21123F3E484008A1B1B /* Realm.framework */,
				262700FB23F3DD4E0033D91D /* CalculateCalendarLogic.framework */,
				262700FC23F3DD4E0033D91D /* FSCalendar.framework */,
				262700FD23F3DD4E0033D91D /* Realm.framework */,
				262700FE23F3DD4E0033D91D /* RealmSwift.framework */,
				2637D29623F3D7C4005B05CB /* CalculateCalendarLogic.framework */,
				2637D29723F3D7C4005B05CB /* FSCalendar.framework */,
				2637D29823F3D7C4005B05CB /* Realm.framework */,
				2637D29923F3D7C4005B05CB /* RealmSwift.framework */,
				25A0D077DCE8153D08819560 /* Pods_iconcalendar.framework */,
			);
			name = Frameworks;
			sourceTree = "<group>";
		};
/* End PBXGroup section */

/* Begin PBXNativeTarget section */
		262AAC9623CE0336001AB3DE /* iconcalendar */ = {
			isa = PBXNativeTarget;
			buildConfigurationList = 262AACAB23CE0337001AB3DE /* Build configuration list for PBXNativeTarget "iconcalendar" */;
			buildPhases = (
				3ADC1757B2A5B595099C314D /* [CP] Check Pods Manifest.lock */,
				262AAC9323CE0336001AB3DE /* Sources */,
				262AAC9423CE0336001AB3DE /* Frameworks */,
				262AAC9523CE0336001AB3DE /* Resources */,
				2637D2A423F3D7C4005B05CB /* Embed Frameworks */,
				3452B0E4CAFEA082D2598326 /* [CP] Embed Pods Frameworks */,
			);
			buildRules = (
			);
			dependencies = (
			);
			name = iconcalendar;
			productName = IconCalendar;
			productReference = 262AAC9723CE0336001AB3DE /* iconcalendar.app */;
			productType = "com.apple.product-type.application";
		};
/* End PBXNativeTarget section */

/* Begin PBXProject section */
		262AAC8F23CE0336001AB3DE /* Project object */ = {
			isa = PBXProject;
			attributes = {
				LastSwiftUpdateCheck = 1130;
				LastUpgradeCheck = 1130;
				ORGANIZATIONNAME = hannet;
				TargetAttributes = {
					262AAC9623CE0336001AB3DE = {
						CreatedOnToolsVersion = 11.3;
					};
				};
			};
			buildConfigurationList = 262AAC9223CE0336001AB3DE /* Build configuration list for PBXProject "iconcalendar" */;
			compatibilityVersion = "Xcode 9.3";
			developmentRegion = en;
			hasScannedForEncodings = 0;
			knownRegions = (
				en,
				Base,
			);
			mainGroup = 262AAC8E23CE0336001AB3DE;
			productRefGroup = 262AAC9823CE0336001AB3DE /* Products */;
			projectDirPath = "";
			projectRoot = "";
			targets = (
				262AAC9623CE0336001AB3DE /* iconcalendar */,
			);
		};
/* End PBXProject section */

/* Begin PBXResourcesBuildPhase section */
		262AAC9523CE0336001AB3DE /* Resources */ = {
			isa = PBXResourcesBuildPhase;
			buildActionMask = 2147483647;
			files = (
				26165D9823EF557D00D888C0 /* Main.storyboard in Resources */,
				262AACA723CE0337001AB3DE /* LaunchScreen.storyboard in Resources */,
				262AACA423CE0337001AB3DE /* Assets.xcassets in Resources */,
			);
			runOnlyForDeploymentPostprocessing = 0;
		};
/* End PBXResourcesBuildPhase section */

/* Begin PBXShellScriptBuildPhase section */
		3452B0E4CAFEA082D2598326 /* [CP] Embed Pods Frameworks */ = {
			isa = PBXShellScriptBuildPhase;
			buildActionMask = 2147483647;
			files = (
			);
			inputFileListPaths = (
				"${PODS_ROOT}/Target Support Files/Pods-iconcalendar/Pods-iconcalendar-frameworks-${CONFIGURATION}-input-files.xcfilelist",
			);
			name = "[CP] Embed Pods Frameworks";
			outputFileListPaths = (
				"${PODS_ROOT}/Target Support Files/Pods-iconcalendar/Pods-iconcalendar-frameworks-${CONFIGURATION}-output-files.xcfilelist",
			);
			runOnlyForDeploymentPostprocessing = 0;
			shellPath = /bin/sh;
			shellScript = "\"${PODS_ROOT}/Target Support Files/Pods-iconcalendar/Pods-iconcalendar-frameworks.sh\"\n";
			showEnvVarsInLog = 0;
		};
		3ADC1757B2A5B595099C314D /* [CP] Check Pods Manifest.lock */ = {
			isa = PBXShellScriptBuildPhase;
			buildActionMask = 2147483647;
			files = (
			);
			inputFileListPaths = (
			);
			inputPaths = (
				"${PODS_PODFILE_DIR_PATH}/Podfile.lock",
				"${PODS_ROOT}/Manifest.lock",
			);
			name = "[CP] Check Pods Manifest.lock";
			outputFileListPaths = (
			);
			outputPaths = (
				"$(DERIVED_FILE_DIR)/Pods-iconcalendar-checkManifestLockResult.txt",
			);
			runOnlyForDeploymentPostprocessing = 0;
			shellPath = /bin/sh;
			shellScript = "diff \"${PODS_PODFILE_DIR_PATH}/Podfile.lock\" \"${PODS_ROOT}/Manifest.lock\" > /dev/null\nif [ $? != 0 ] ; then\n    # print error to STDERR\n    echo \"error: The sandbox is not in sync with the Podfile.lock. Run 'pod install' or update your CocoaPods installation.\" >&2\n    exit 1\nfi\n# This output is used by Xcode 'outputs' to avoid re-running this script phase.\necho \"SUCCESS\" > \"${SCRIPT_OUTPUT_FILE_0}\"\n";
			showEnvVarsInLog = 0;
		};
/* End PBXShellScriptBuildPhase section */

/* Begin PBXSourcesBuildPhase section */
		262AAC9323CE0336001AB3DE /* Sources */ = {
			isa = PBXSourcesBuildPhase;
			buildActionMask = 2147483647;
			files = (
				263D56D9247E3EB800E05B71 /* ScheduleVC.swift in Sources */,
				26D3DEA92406914A004D0886 /* ImageViewHeaderCell.swift in Sources */,
				262AAC9F23CE0336001AB3DE /* ViewController.swift in Sources */,
				262AAC9B23CE0336001AB3DE /* AppDelegate.swift in Sources */,
				2654C47D23CF0AA20017672A /* ImageViewController.swift in Sources */,
				267E6DC023D22510003963BB /* EventModel.swift in Sources */,
				262AAC9D23CE0336001AB3DE /* SceneDelegate.swift in Sources */,
				2631539723EAA4650074A151 /* TextViewController.swift in Sources */,
			);
			runOnlyForDeploymentPostprocessing = 0;
		};
/* End PBXSourcesBuildPhase section */

/* Begin PBXVariantGroup section */
		262AACA523CE0337001AB3DE /* LaunchScreen.storyboard */ = {
			isa = PBXVariantGroup;
			children = (
				262AACA623CE0337001AB3DE /* Base */,
			);
			name = LaunchScreen.storyboard;
			sourceTree = "<group>";
		};
/* End PBXVariantGroup section */

/* Begin XCBuildConfiguration section */
		262AACA923CE0337001AB3DE /* Debug */ = {
			isa = XCBuildConfiguration;
			buildSettings = {
				ALWAYS_SEARCH_USER_PATHS = NO;
				CLANG_ANALYZER_NONNULL = YES;
				CLANG_ANALYZER_NUMBER_OBJECT_CONVERSION = YES_AGGRESSIVE;
				CLANG_CXX_LANGUAGE_STANDARD = "gnu++14";
				CLANG_CXX_LIBRARY = "libc++";
				CLANG_ENABLE_MODULES = YES;
				CLANG_ENABLE_OBJC_ARC = YES;
				CLANG_ENABLE_OBJC_WEAK = YES;
				CLANG_WARN_BLOCK_CAPTURE_AUTORELEASING = YES;
				CLANG_WARN_BOOL_CONVERSION = YES;
				CLANG_WARN_COMMA = YES;
				CLANG_WARN_CONSTANT_CONVERSION = YES;
				CLANG_WARN_DEPRECATED_OBJC_IMPLEMENTATIONS = YES;
				CLANG_WARN_DIRECT_OBJC_ISA_USAGE = YES_ERROR;
				CLANG_WARN_DOCUMENTATION_COMMENTS = YES;
				CLANG_WARN_EMPTY_BODY = YES;
				CLANG_WARN_ENUM_CONVERSION = YES;
				CLANG_WARN_INFINITE_RECURSION = YES;
				CLANG_WARN_INT_CONVERSION = YES;
				CLANG_WARN_NON_LITERAL_NULL_CONVERSION = YES;
				CLANG_WARN_OBJC_IMPLICIT_RETAIN_SELF = YES;
				CLANG_WARN_OBJC_LITERAL_CONVERSION = YES;
				CLANG_WARN_OBJC_ROOT_CLASS = YES_ERROR;
				CLANG_WARN_RANGE_LOOP_ANALYSIS = YES;
				CLANG_WARN_STRICT_PROTOTYPES = YES;
				CLANG_WARN_SUSPICIOUS_MOVE = YES;
				CLANG_WARN_UNGUARDED_AVAILABILITY = YES_AGGRESSIVE;
				CLANG_WARN_UNREACHABLE_CODE = YES;
				CLANG_WARN__DUPLICATE_METHOD_MATCH = YES;
				COPY_PHASE_STRIP = NO;
				DEBUG_INFORMATION_FORMAT = dwarf;
				ENABLE_STRICT_OBJC_MSGSEND = YES;
				ENABLE_TESTABILITY = YES;
				GCC_C_LANGUAGE_STANDARD = gnu11;
				GCC_DYNAMIC_NO_PIC = NO;
				GCC_NO_COMMON_BLOCKS = YES;
				GCC_OPTIMIZATION_LEVEL = 0;
				GCC_PREPROCESSOR_DEFINITIONS = (
					"DEBUG=1",
					"$(inherited)",
				);
				GCC_WARN_64_TO_32_BIT_CONVERSION = YES;
				GCC_WARN_ABOUT_RETURN_TYPE = YES_ERROR;
				GCC_WARN_UNDECLARED_SELECTOR = YES;
				GCC_WARN_UNINITIALIZED_AUTOS = YES_AGGRESSIVE;
				GCC_WARN_UNUSED_FUNCTION = YES;
				GCC_WARN_UNUSED_VARIABLE = YES;
				IPHONEOS_DEPLOYMENT_TARGET = 13.1;
				MTL_ENABLE_DEBUG_INFO = INCLUDE_SOURCE;
				MTL_FAST_MATH = YES;
				ONLY_ACTIVE_ARCH = YES;
				SDKROOT = iphoneos;
				SWIFT_ACTIVE_COMPILATION_CONDITIONS = DEBUG;
				SWIFT_OPTIMIZATION_LEVEL = "-Onone";
			};
			name = Debug;
		};
		262AACAA23CE0337001AB3DE /* Release */ = {
			isa = XCBuildConfiguration;
			buildSettings = {
				ALWAYS_SEARCH_USER_PATHS = NO;
				CLANG_ANALYZER_NONNULL = YES;
				CLANG_ANALYZER_NUMBER_OBJECT_CONVERSION = YES_AGGRESSIVE;
				CLANG_CXX_LANGUAGE_STANDARD = "gnu++14";
				CLANG_CXX_LIBRARY = "libc++";
				CLANG_ENABLE_MODULES = YES;
				CLANG_ENABLE_OBJC_ARC = YES;
				CLANG_ENABLE_OBJC_WEAK = YES;
				CLANG_WARN_BLOCK_CAPTURE_AUTORELEASING = YES;
				CLANG_WARN_BOOL_CONVERSION = YES;
				CLANG_WARN_COMMA = YES;
				CLANG_WARN_CONSTANT_CONVERSION = YES;
				CLANG_WARN_DEPRECATED_OBJC_IMPLEMENTATIONS = YES;
				CLANG_WARN_DIRECT_OBJC_ISA_USAGE = YES_ERROR;
				CLANG_WARN_DOCUMENTATION_COMMENTS = YES;
				CLANG_WARN_EMPTY_BODY = YES;
				CLANG_WARN_ENUM_CONVERSION = YES;
				CLANG_WARN_INFINITE_RECURSION = YES;
				CLANG_WARN_INT_CONVERSION = YES;
				CLANG_WARN_NON_LITERAL_NULL_CONVERSION = YES;
				CLANG_WARN_OBJC_IMPLICIT_RETAIN_SELF = YES;
				CLANG_WARN_OBJC_LITERAL_CONVERSION = YES;
				CLANG_WARN_OBJC_ROOT_CLASS = YES_ERROR;
				CLANG_WARN_RANGE_LOOP_ANALYSIS = YES;
				CLANG_WARN_STRICT_PROTOTYPES = YES;
				CLANG_WARN_SUSPICIOUS_MOVE = YES;
				CLANG_WARN_UNGUARDED_AVAILABILITY = YES_AGGRESSIVE;
				CLANG_WARN_UNREACHABLE_CODE = YES;
				CLANG_WARN__DUPLICATE_METHOD_MATCH = YES;
				COPY_PHASE_STRIP = NO;
				DEBUG_INFORMATION_FORMAT = "dwarf-with-dsym";
				ENABLE_NS_ASSERTIONS = NO;
				ENABLE_STRICT_OBJC_MSGSEND = YES;
				GCC_C_LANGUAGE_STANDARD = gnu11;
				GCC_NO_COMMON_BLOCKS = YES;
				GCC_WARN_64_TO_32_BIT_CONVERSION = YES;
				GCC_WARN_ABOUT_RETURN_TYPE = YES_ERROR;
				GCC_WARN_UNDECLARED_SELECTOR = YES;
				GCC_WARN_UNINITIALIZED_AUTOS = YES_AGGRESSIVE;
				GCC_WARN_UNUSED_FUNCTION = YES;
				GCC_WARN_UNUSED_VARIABLE = YES;
				IPHONEOS_DEPLOYMENT_TARGET = 13.1;
				MTL_ENABLE_DEBUG_INFO = NO;
				MTL_FAST_MATH = YES;
				SDKROOT = iphoneos;
				SWIFT_COMPILATION_MODE = wholemodule;
				SWIFT_OPTIMIZATION_LEVEL = "-O";
				VALIDATE_PRODUCT = YES;
			};
			name = Release;
		};
		262AACAC23CE0337001AB3DE /* Debug */ = {
			isa = XCBuildConfiguration;
			baseConfigurationReference = B1C60593B326E408D3B1E534 /* Pods-iconcalendar.debug.xcconfig */;
			buildSettings = {
				ASSETCATALOG_COMPILER_APPICON_NAME = AppIcon;
				CODE_SIGN_STYLE = Automatic;
				DEVELOPMENT_TEAM = KYY4LYP48K;
				INFOPLIST_FILE = IconCalendar/Info.plist;
				INSTALL_PATH = "@rpath";
				LD_RUNPATH_SEARCH_PATHS = (
					"$(inherited)",
					"@loader_path/../Frameworks/",
				);
				MARKETING_VERSION = 1.0.1;
				PRODUCT_BUNDLE_IDENTIFIER = jp.hannet.sato.IconCalendar;
				PRODUCT_NAME = iconcalendar;
				SWIFT_VERSION = 5.0;
				TARGETED_DEVICE_FAMILY = 1;
			};
			name = Debug;
		};
		262AACAD23CE0337001AB3DE /* Release */ = {
			isa = XCBuildConfiguration;
			baseConfigurationReference = CE7C2DFD8E4287725F4588FB /* Pods-iconcalendar.release.xcconfig */;
			buildSettings = {
				ASSETCATALOG_COMPILER_APPICON_NAME = AppIcon;
				CODE_SIGN_STYLE = Automatic;
				DEVELOPMENT_TEAM = KYY4LYP48K;
				INFOPLIST_FILE = IconCalendar/Info.plist;
				INSTALL_PATH = "@rpath";
				LD_RUNPATH_SEARCH_PATHS = (
					"$(inherited)",
					"@loader_path/../Frameworks/",
				);
				MARKETING_VERSION = 1.0.1;
				PRODUCT_BUNDLE_IDENTIFIER = jp.hannet.sato.IconCalendar;
				PRODUCT_NAME = iconcalendar;
				SWIFT_VERSION = 5.0;
				TARGETED_DEVICE_FAMILY = 1;
			};
			name = Release;
		};
/* End XCBuildConfiguration section */

/* Begin XCConfigurationList section */
		262AAC9223CE0336001AB3DE /* Build configuration list for PBXProject "iconcalendar" */ = {
			isa = XCConfigurationList;
			buildConfigurations = (
				262AACA923CE0337001AB3DE /* Debug */,
				262AACAA23CE0337001AB3DE /* Release */,
			);
			defaultConfigurationIsVisible = 0;
			defaultConfigurationName = Release;
		};
		262AACAB23CE0337001AB3DE /* Build configuration list for PBXNativeTarget "iconcalendar" */ = {
			isa = XCConfigurationList;
			buildConfigurations = (
				262AACAC23CE0337001AB3DE /* Debug */,
				262AACAD23CE0337001AB3DE /* Release */,
			);
			defaultConfigurationIsVisible = 0;
			defaultConfigurationName = Release;
		};
/* End XCConfigurationList section */
	};
	rootObject = 262AAC8F23CE0336001AB3DE /* Project object */;
}
